
Microsoft Visual Studio Solution File, Format Version 12.00
# Visual Studio Version 17
VisualStudioVersion = 17.1.32210.238
MinimumVisualStudioVersion = 10.0.40219.1
Project("{FAE04EC0-301F-11D3-BF4B-00C04F79EFBC}") = "JSON", "JSON\JSON.csproj", "{3ABFCC2C-9EA9-438F-82DB-C5B667678A7C}"
EndProject
Global
	GlobalSection(SolutionConfigurationPlatforms) = preSolution
		Debug|Any CPU = Debug|Any CPU
		Release|Any CPU = Release|Any CPU
	EndGlobalSection
	GlobalSection(ProjectConfigurationPlatforms) = postSolution
		{3ABFCC2C-9EA9-438F-82DB-C5B667678A7C}.Debug|Any CPU.ActiveCfg = Debug|Any CPU
		{3ABFCC2C-9EA9-438F-82DB-C5B667678A7C}.Debug|Any CPU.Build.0 = Debug|Any CPU
		{3ABFCC2C-9EA9-438F-82DB-C5B667678A7C}.Release|Any CPU.ActiveCfg = Release|Any CPU
		{3ABFCC2C-9EA9-438F-82DB-C5B667678A7C}.Release|Any CPU.Build.0 = Release|Any CPU
	EndGlobalSection
	GlobalSection(SolutionProperties) = preSolution
		HideSolutionNode = FALSE
	EndGlobalSection
	GlobalSection(ExtensibilityGlobals) = postSolution
		SolutionGuid = {B723BA0E-9AA3-430B-8A03-512525A5BA14}
	EndGlobalSection
EndGlobal
